
Microsoft Visual Studio Solution File, Format Version 12.00
# Visual Studio 14
VisualStudioVersion = 14.0.24720.0
MinimumVisualStudioVersion = 10.0.40219.1
Project("{FAE04EC0-301F-11D3-BF4B-00C04F79EFBC}") = "Demo_UserDefinedExceptions.Solution", "Demo_UserDefinedExceptions\Demo_UserDefinedExceptions.Solution.csproj", "{7809D8DA-1473-4FD4-9ACB-17790C692C36}"
EndProject
Project("{FAE04EC0-301F-11D3-BF4B-00C04F79EFBC}") = "Demo_UserDefinedExceptions.Starter", "Demo_UserDefinedExceptions.Starter\Demo_UserDefinedExceptions.Starter.csproj", "{913F2909-8C91-41FE-BF00-603920F3441F}"
EndProject
Global
	GlobalSection(SolutionConfigurationPlatforms) = preSolution
		Debug|Any CPU = Debug|Any CPU
		Release|Any CPU = Release|Any CPU
	EndGlobalSection
	GlobalSection(ProjectConfigurationPlatforms) = postSolution
		{7809D8DA-1473-4FD4-9ACB-17790C692C36}.Debug|Any CPU.ActiveCfg = Debug|Any CPU
		{7809D8DA-1473-4FD4-9ACB-17790C692C36}.Debug|Any CPU.Build.0 = Debug|Any CPU
		{7809D8DA-1473-4FD4-9ACB-17790C692C36}.Release|Any CPU.ActiveCfg = Release|Any CPU
		{7809D8DA-1473-4FD4-9ACB-17790C692C36}.Release|Any CPU.Build.0 = Release|Any CPU
		{913F2909-8C91-41FE-BF00-603920F3441F}.Debug|Any CPU.ActiveCfg = Debug|Any CPU
		{913F2909-8C91-41FE-BF00-603920F3441F}.Debug|Any CPU.Build.0 = Debug|Any CPU
		{913F2909-8C91-41FE-BF00-603920F3441F}.Release|Any CPU.ActiveCfg = Release|Any CPU
		{913F2909-8C91-41FE-BF00-603920F3441F}.Release|Any CPU.Build.0 = Release|Any CPU
	EndGlobalSection
	GlobalSection(SolutionProperties) = preSolution
		HideSolutionNode = FALSE
	EndGlobalSection
EndGlobal
